{
  "name": "@local/encryption",
  "lockfileVersion": 2,
  "requires": true,
  "packages": {
    "": {
      "name": "@local/encryption",
      "devDependencies": {
        "@cloudflare/workers-types": "^4.20231016.0",
        "typescript": "^5.2.2"
      }
    },
    "node_modules/@cloudflare/workers-types": {
      "version": "4.20231016.0",
      "resolved": "https://registry.npmjs.org/@cloudflare/workers-types/-/workers-types-4.20231016.0.tgz",
      "integrity": "sha512-eGB0cRVyoJpeyGJx2re5sbd9R316a61sY73xwnqm4cwGpb+OxCK2gc651RxGiN7H4w6LY1RpysUgeGLmj5B3+g==",
      "dev": true
    },
    "node_modules/typescript": {
      "version": "5.2.2",
      "resolved": "https://registry.npmjs.org/typescript/-/typescript-5.2.2.tgz",
      "integrity": "sha512-mI4WrpHsbCIcwT9cF4FZvr80QUeKvsUsUvKDoR+X/7XHQH98xYD8YHZg7ANtz2GtZt/CBq2QJ0thkGJMHfqc1w==",
      "dev": true,
      "bin": {
        "tsc": "bin/tsc",
        "tsserver": "bin/tsserver"
      },
      "engines": {
        "node": ">=14.17"
      }
    }
  },
  "dependencies": {
    "@cloudflare/workers-types": {
      "version": "4.20231016.0",
      "resolved": "https://registry.npmjs.org/@cloudflare/workers-types/-/workers-types-4.20231016.0.tgz",
      "integrity": "sha512-eGB0cRVyoJpeyGJx2re5sbd9R316a61sY73xwnqm4cwGpb+OxCK2gc651RxGiN7H4w6LY1RpysUgeGLmj5B3+g==",
      "dev": true
    },
    "typescript": {
      "version": "5.2.2",
      "resolved": "https://registry.npmjs.org/typescript/-/typescript-5.2.2.tgz",
      "integrity": "sha512-mI4WrpHsbCIcwT9cF4FZvr80QUeKvsUsUvKDoR+X/7XHQH98xYD8YHZg7ANtz2GtZt/CBq2QJ0thkGJMHfqc1w==",
      "dev": true
    }
  }
}
